
Microsoft Visual Studio Solution File, Format Version 11.00
# Visual Studio 2010
Project("{FAE04EC0-301F-11D3-BF4B-00C04F79EFBC}") = "Copy Steps (Article And UID)", "Copy Steps (Article And UID)\Copy Steps (Article And UID).csproj", "{77E37E48-853F-4FE8-B61B-71A236849C3D}"
EndProject
Global
	GlobalSection(SolutionConfigurationPlatforms) = preSolution
		Debug|Any CPU = Debug|Any CPU
		Release|Any CPU = Release|Any CPU
	EndGlobalSection
	GlobalSection(ProjectConfigurationPlatforms) = postSolution
		{77E37E48-853F-4FE8-B61B-71A236849C3D}.Debug|Any CPU.ActiveCfg = Debug|Any CPU
		{77E37E48-853F-4FE8-B61B-71A236849C3D}.Debug|Any CPU.Build.0 = Debug|Any CPU
		{77E37E48-853F-4FE8-B61B-71A236849C3D}.Release|Any CPU.ActiveCfg = Release|Any CPU
		{77E37E48-853F-4FE8-B61B-71A236849C3D}.Release|Any CPU.Build.0 = Release|Any CPU
	EndGlobalSection
	GlobalSection(SolutionProperties) = preSolution
		HideSolutionNode = FALSE
	EndGlobalSection
EndGlobal
